
Microsoft Visual Studio Solution File, Format Version 12.00
# Visual Studio 2013
VisualStudioVersion = 12.0.31101.0
MinimumVisualStudioVersion = 10.0.40219.1
Project("{FAE04EC0-301F-11D3-BF4B-00C04F79EFBC}") = "MVFModel", "MVFModel\MVFModel.csproj", "{6A3D9AB1-ACF2-4085-BB4A-1CE701EAE4A4}"
EndProject
Project("{FAE04EC0-301F-11D3-BF4B-00C04F79EFBC}") = "MVFService", "MVFService\MVFService.csproj", "{31609F60-F730-41C3-A9E3-27D061D639AE}"
EndProject
Project("{FAE04EC0-301F-11D3-BF4B-00C04F79EFBC}") = "MVFSystem", "MVFSystem\MVFSystem.csproj", "{1395F510-1336-402E-9384-B5104D2795F1}"
EndProject
Global
	GlobalSection(SolutionConfigurationPlatforms) = preSolution
		Debug|Any CPU = Debug|Any CPU
		Release|Any CPU = Release|Any CPU
	EndGlobalSection
	GlobalSection(ProjectConfigurationPlatforms) = postSolution
		{6A3D9AB1-ACF2-4085-BB4A-1CE701EAE4A4}.Debug|Any CPU.ActiveCfg = Debug|Any CPU
		{6A3D9AB1-ACF2-4085-BB4A-1CE701EAE4A4}.Debug|Any CPU.Build.0 = Debug|Any CPU
		{6A3D9AB1-ACF2-4085-BB4A-1CE701EAE4A4}.Release|Any CPU.ActiveCfg = Release|Any CPU
		{6A3D9AB1-ACF2-4085-BB4A-1CE701EAE4A4}.Release|Any CPU.Build.0 = Release|Any CPU
		{31609F60-F730-41C3-A9E3-27D061D639AE}.Debug|Any CPU.ActiveCfg = Debug|Any CPU
		{31609F60-F730-41C3-A9E3-27D061D639AE}.Debug|Any CPU.Build.0 = Debug|Any CPU
		{31609F60-F730-41C3-A9E3-27D061D639AE}.Release|Any CPU.ActiveCfg = Release|Any CPU
		{31609F60-F730-41C3-A9E3-27D061D639AE}.Release|Any CPU.Build.0 = Release|Any CPU
		{1395F510-1336-402E-9384-B5104D2795F1}.Debug|Any CPU.ActiveCfg = Debug|Any CPU
		{1395F510-1336-402E-9384-B5104D2795F1}.Debug|Any CPU.Build.0 = Debug|Any CPU
		{1395F510-1336-402E-9384-B5104D2795F1}.Release|Any CPU.ActiveCfg = Release|Any CPU
		{1395F510-1336-402E-9384-B5104D2795F1}.Release|Any CPU.Build.0 = Release|Any CPU
	EndGlobalSection
	GlobalSection(SolutionProperties) = preSolution
		HideSolutionNode = FALSE
	EndGlobalSection
EndGlobal
